
Microsoft Visual Studio Solution File, Format Version 12.00
# Visual Studio Version 17
VisualStudioVersion = 17.6.33829.357
MinimumVisualStudioVersion = 10.0.40219.1
Project("{FAE04EC0-301F-11D3-BF4B-00C04F79EFBC}") = "SimpleSendKeys", "SimpleSendKeys\SimpleSendKeys.csproj", "{18F42F4B-3B3E-4725-AC75-BB25731B17D7}"
EndProject
Global
	GlobalSection(SolutionConfigurationPlatforms) = preSolution
		Debug|Any CPU = Debug|Any CPU
		Release|Any CPU = Release|Any CPU
	EndGlobalSection
	GlobalSection(ProjectConfigurationPlatforms) = postSolution
		{18F42F4B-3B3E-4725-AC75-BB25731B17D7}.Debug|Any CPU.ActiveCfg = Debug|Any CPU
		{18F42F4B-3B3E-4725-AC75-BB25731B17D7}.Debug|Any CPU.Build.0 = Debug|Any CPU
		{18F42F4B-3B3E-4725-AC75-BB25731B17D7}.Release|Any CPU.ActiveCfg = Release|Any CPU
		{18F42F4B-3B3E-4725-AC75-BB25731B17D7}.Release|Any CPU.Build.0 = Release|Any CPU
	EndGlobalSection
	GlobalSection(SolutionProperties) = preSolution
		HideSolutionNode = FALSE
	EndGlobalSection
	GlobalSection(ExtensibilityGlobals) = postSolution
		SolutionGuid = {E17D01C4-E87A-4D10-9EA4-254A1CB4468B}
	EndGlobalSection
EndGlobal
